
Microsoft Visual Studio Solution File, Format Version 12.00
# Blend for Visual Studio Version 16
VisualStudioVersion = 16.0.32602.290
MinimumVisualStudioVersion = 10.0.40219.1
Project("{FAE04EC0-301F-11D3-BF4B-00C04F79EFBC}") = "Tema2-FormatoTexto", "Tema2-FormatoTexto\Tema2-FormatoTexto.csproj", "{D32D25B7-CD7F-4477-A0FB-0DF547BE194E}"
EndProject
Global
	GlobalSection(SolutionConfigurationPlatforms) = preSolution
		Debug|Any CPU = Debug|Any CPU
		Release|Any CPU = Release|Any CPU
	EndGlobalSection
	GlobalSection(ProjectConfigurationPlatforms) = postSolution
		{D32D25B7-CD7F-4477-A0FB-0DF547BE194E}.Debug|Any CPU.ActiveCfg = Debug|Any CPU
		{D32D25B7-CD7F-4477-A0FB-0DF547BE194E}.Debug|Any CPU.Build.0 = Debug|Any CPU
		{D32D25B7-CD7F-4477-A0FB-0DF547BE194E}.Release|Any CPU.ActiveCfg = Release|Any CPU
		{D32D25B7-CD7F-4477-A0FB-0DF547BE194E}.Release|Any CPU.Build.0 = Release|Any CPU
	EndGlobalSection
	GlobalSection(SolutionProperties) = preSolution
		HideSolutionNode = FALSE
	EndGlobalSection
	GlobalSection(ExtensibilityGlobals) = postSolution
		SolutionGuid = {82A182C3-53CE-4594-ADEC-5D949D5C2BEF}
	EndGlobalSection
EndGlobal
